
Microsoft Visual Studio Solution File, Format Version 12.00
# Visual Studio Version 16
VisualStudioVersion = 16.0.31702.278
MinimumVisualStudioVersion = 10.0.40219.1
Project("{FAE04EC0-301F-11D3-BF4B-00C04F79EFBC}") = "MagentoApi.Base", "src\MagentoApi.Base\MagentoApi.Base.csproj", "{AF5AC23A-0181-42E2-8B57-CE8F4EBF496E}"
EndProject
Project("{2150E333-8FDC-42A3-9474-1A3956D46DE8}") = "tests", "tests", "{92DEB20E-77E0-411D-8C2D-71C6185EAF1A}"
EndProject
Project("{FAE04EC0-301F-11D3-BF4B-00C04F79EFBC}") = "MagentoApi.BaseUnitTests", "tests\MagentoApi.BaseUnitTests\MagentoApi.BaseUnitTests.csproj", "{402F68F9-EA8F-4AB5-9F06-CDCB43368FBD}"
EndProject
Global
	GlobalSection(SolutionConfigurationPlatforms) = preSolution
		Debug|Any CPU = Debug|Any CPU
		Release|Any CPU = Release|Any CPU
	EndGlobalSection
	GlobalSection(ProjectConfigurationPlatforms) = postSolution
		{AF5AC23A-0181-42E2-8B57-CE8F4EBF496E}.Debug|Any CPU.ActiveCfg = Debug|Any CPU
		{AF5AC23A-0181-42E2-8B57-CE8F4EBF496E}.Debug|Any CPU.Build.0 = Debug|Any CPU
		{AF5AC23A-0181-42E2-8B57-CE8F4EBF496E}.Release|Any CPU.ActiveCfg = Release|Any CPU
		{AF5AC23A-0181-42E2-8B57-CE8F4EBF496E}.Release|Any CPU.Build.0 = Release|Any CPU
		{402F68F9-EA8F-4AB5-9F06-CDCB43368FBD}.Debug|Any CPU.ActiveCfg = Debug|Any CPU
		{402F68F9-EA8F-4AB5-9F06-CDCB43368FBD}.Debug|Any CPU.Build.0 = Debug|Any CPU
		{402F68F9-EA8F-4AB5-9F06-CDCB43368FBD}.Release|Any CPU.ActiveCfg = Release|Any CPU
		{402F68F9-EA8F-4AB5-9F06-CDCB43368FBD}.Release|Any CPU.Build.0 = Release|Any CPU
	EndGlobalSection
	GlobalSection(SolutionProperties) = preSolution
		HideSolutionNode = FALSE
	EndGlobalSection
	GlobalSection(NestedProjects) = preSolution
		{402F68F9-EA8F-4AB5-9F06-CDCB43368FBD} = {92DEB20E-77E0-411D-8C2D-71C6185EAF1A}
	EndGlobalSection
	GlobalSection(ExtensibilityGlobals) = postSolution
		SolutionGuid = {E05F5792-A24C-489A-B913-8FDD343641AB}
	EndGlobalSection
EndGlobal
